<?xml version="1.0" encoding="utf-8"?>
<Project ToolsVersion="4.0" xmlns="http://schemas.microsoft.com/developer/msbuild/2003">
  <ItemGroup>
    <Filter Include="Source Files">
      <UniqueIdentifier>{4FC737F1-C7A5-4376-A066-2A32D752A2FF}</UniqueIdentifier>
      <Extensions>cpp;c;cc;cxx;def;odl;idl;hpj;bat;asm;asmx</Extensions>
    </Filter>
    <Filter Include="Header Files">
      <UniqueIdentifier>{93995380-89BD-4b04-88EB-625FBE52EBFB}</UniqueIdentifier>
      <Extensions>h;hpp;hxx;hm;inl;inc;xsd</Extensions>
    </Filter>
    <Filter Include="Resource Files">
      <UniqueIdentifier>{67DA6AB6-F800-4c08-8B7A-83BB121AAD01}</UniqueIdentifier>
      <Extensions>rc;ico;cur;bmp;dlg;rc2;rct;bin;rgs;gif;jpg;jpeg;jpe;resx;tiff;tif;png;wav;mfcribbon-ms</Extensions>
    </Filter>
    <Filter Include="HTML Help Files">
      <UniqueIdentifier>{84f7ddfc-849a-4be1-a1a9-1e35c2278efa}</UniqueIdentifier>
      <Extensions>hhp;hhc;hhk;gif;jpg</Extensions>
    </Filter>
    <Filter Include="HTML Help Topics">
      <UniqueIdentifier>{fcbc0241-6e28-470d-8f91-e1adf970f1cc}</UniqueIdentifier>
      <Extensions>htm;html</Extensions>
    </Filter>
    <Filter Include="HexCtrl">
      <UniqueIdentifier>{c76b1bf2-6fee-43d8-8eba-4e3985f9b84c}</UniqueIdentifier>
    </Filter>
    <Filter Include="HexCtrl\src">
      <UniqueIdentifier>{f1c78840-2f14-4d05-86d0-5a6f31dd0adb}</UniqueIdentifier>
    </Filter>
    <Filter Include="HexCtrl\src\Dialogs">
      <UniqueIdentifier>{75cbfcca-1c03-4356-a2dc-529907d48fe5}</UniqueIdentifier>
    </Filter>
    <Filter Include="HexCtrl\res">
      <UniqueIdentifier>{571fb53b-245f-41a9-b1cc-5e92b3a5f6f6}</UniqueIdentifier>
    </Filter>
    <Filter Include="HexCtrl\dep">
      <UniqueIdentifier>{7adcf053-681c-4595-a512-7e48253bfdab}</UniqueIdentifier>
    </Filter>
    <Filter Include="HexCtrl\dep\ListEx">
      <UniqueIdentifier>{3debd930-475f-4c50-bf37-e3909de4d365}</UniqueIdentifier>
    </Filter>
    <Filter Include="HexCtrl\dep\StrToNum">
      <UniqueIdentifier>{db5f2f07-8eb5-4069-a1e7-59dea8a37fda}</UniqueIdentifier>
    </Filter>
  </ItemGroup>
  <ItemGroup>
    <None Include="ReadMe.txt" />
    <None Include="res\info.bmp">
      <Filter>Resource Files</Filter>
    </None>
    <None Include="res\buttons.bmp">
      <Filter>Resource Files</Filter>
    </None>
    <None Include="res\filelarge.bmp">
      <Filter>Resource Files</Filter>
    </None>
    <None Include="res\filesmall.bmp">
      <Filter>Resource Files</Filter>
    </None>
    <None Include="res\main.bmp">
      <Filter>Resource Files</Filter>
    </None>
    <None Include="res\writelarge.bmp">
      <Filter>Resource Files</Filter>
    </None>
    <None Include="res\writesmall.bmp">
      <Filter>Resource Files</Filter>
    </None>
    <None Include="res\ribbon.mfcribbon-ms">
      <Filter>Resource Files</Filter>
    </None>
    <None Include="res\IntelliFile.rc2">
      <Filter>Resource Files</Filter>
    </None>
    <None Include="res\IntelliFile.ico">
      <Filter>Resource Files</Filter>
    </None>
    <None Include="res\Toolbar.bmp">
      <Filter>Resource Files</Filter>
    </None>
    <None Include="res\Toolbar256.bmp">
      <Filter>Resource Files</Filter>
    </None>
    <None Include="hlp\IntelliFile.hhk">
      <Filter>HTML Help Files</Filter>
    </None>
    <None Include="hlp\IntelliFile.hhc">
      <Filter>HTML Help Files</Filter>
    </None>
    <None Include="hlp\afx_hidd_color.htm">
      <Filter>HTML Help Topics</Filter>
    </None>
    <None Include="hlp\afx_hidd_fileopen.htm">
      <Filter>HTML Help Topics</Filter>
    </None>
    <None Include="hlp\afx_hidd_filesave.htm">
      <Filter>HTML Help Topics</Filter>
    </None>
    <None Include="hlp\afx_hidd_find.htm">
      <Filter>HTML Help Topics</Filter>
    </None>
    <None Include="hlp\afx_hidd_font.htm">
      <Filter>HTML Help Topics</Filter>
    </None>
    <None Include="hlp\afx_hidd_newtypedlg.htm">
      <Filter>HTML Help Topics</Filter>
    </None>
    <None Include="hlp\afx_hidd_replace.htm">
      <Filter>HTML Help Topics</Filter>
    </None>
    <None Include="hlp\afx_hidp_default.htm">
      <Filter>HTML Help Topics</Filter>
    </None>
    <None Include="hlp\afx_hidw_dockbar_top.htm">
      <Filter>HTML Help Topics</Filter>
    </None>
    <None Include="hlp\afx_hidw_status_bar.htm">
      <Filter>HTML Help Topics</Filter>
    </None>
    <None Include="hlp\afx_hidw_toolbar.htm">
      <Filter>HTML Help Topics</Filter>
    </None>
    <None Include="hlp\hidr_doc1type.htm">
      <Filter>HTML Help Topics</Filter>
    </None>
    <None Include="hlp\hid_app_about.htm">
      <Filter>HTML Help Topics</Filter>
    </None>
    <None Include="hlp\hid_app_exit.htm">
      <Filter>HTML Help Topics</Filter>
    </None>
    <None Include="hlp\hid_context_help.htm">
      <Filter>HTML Help Topics</Filter>
    </None>
    <None Include="hlp\hid_edit_clear.htm">
      <Filter>HTML Help Topics</Filter>
    </None>
    <None Include="hlp\hid_edit_clear_all.htm">
      <Filter>HTML Help Topics</Filter>
    </None>
    <None Include="hlp\hid_edit_copy.htm">
      <Filter>HTML Help Topics</Filter>
    </None>
    <None Include="hlp\hid_edit_cut.htm">
      <Filter>HTML Help Topics</Filter>
    </None>
    <None Include="hlp\hid_edit_find.htm">
      <Filter>HTML Help Topics</Filter>
    </None>
    <None Include="hlp\hid_edit_paste.htm">
      <Filter>HTML Help Topics</Filter>
    </None>
    <None Include="hlp\hid_edit_redo.htm">
      <Filter>HTML Help Topics</Filter>
    </None>
    <None Include="hlp\hid_edit_repeat.htm">
      <Filter>HTML Help Topics</Filter>
    </None>
    <None Include="hlp\hid_edit_replace.htm">
      <Filter>HTML Help Topics</Filter>
    </None>
    <None Include="hlp\hid_edit_undo.htm">
      <Filter>HTML Help Topics</Filter>
    </None>
    <None Include="hlp\hid_file_close.htm">
      <Filter>HTML Help Topics</Filter>
    </None>
    <None Include="hlp\hid_file_mru_file1.htm">
      <Filter>HTML Help Topics</Filter>
    </None>
    <None Include="hlp\hid_file_new.htm">
      <Filter>HTML Help Topics</Filter>
    </None>
    <None Include="hlp\hid_file_open.htm">
      <Filter>HTML Help Topics</Filter>
    </None>
    <None Include="hlp\hid_file_save.htm">
      <Filter>HTML Help Topics</Filter>
    </None>
    <None Include="hlp\hid_file_save_as.htm">
      <Filter>HTML Help Topics</Filter>
    </None>
    <None Include="hlp\hid_file_send_mail.htm">
      <Filter>HTML Help Topics</Filter>
    </None>
    <None Include="hlp\hid_help_index.htm">
      <Filter>HTML Help Topics</Filter>
    </None>
    <None Include="hlp\hid_help_using.htm">
      <Filter>HTML Help Topics</Filter>
    </None>
    <None Include="hlp\hid_ht_caption.htm">
      <Filter>HTML Help Topics</Filter>
    </None>
    <None Include="hlp\hid_ht_nowhere.htm">
      <Filter>HTML Help Topics</Filter>
    </None>
    <None Include="hlp\hid_next_pane.htm">
      <Filter>HTML Help Topics</Filter>
    </None>
    <None Include="hlp\hid_prev_pane.htm">
      <Filter>HTML Help Topics</Filter>
    </None>
    <None Include="hlp\hid_sc_close.htm">
      <Filter>HTML Help Topics</Filter>
    </None>
    <None Include="hlp\hid_sc_maximize.htm">
      <Filter>HTML Help Topics</Filter>
    </None>
    <None Include="hlp\hid_sc_minimize.htm">
      <Filter>HTML Help Topics</Filter>
    </None>
    <None Include="hlp\hid_sc_move.htm">
      <Filter>HTML Help Topics</Filter>
    </None>
    <None Include="hlp\hid_sc_nextwindow.htm">
      <Filter>HTML Help Topics</Filter>
    </None>
    <None Include="hlp\hid_sc_prevwindow.htm">
      <Filter>HTML Help Topics</Filter>
    </None>
    <None Include="hlp\hid_sc_restore.htm">
      <Filter>HTML Help Topics</Filter>
    </None>
    <None Include="hlp\hid_sc_size.htm">
      <Filter>HTML Help Topics</Filter>
    </None>
    <None Include="hlp\hid_sc_tasklist.htm">
      <Filter>HTML Help Topics</Filter>
    </None>
    <None Include="hlp\hid_view_ruler.htm">
      <Filter>HTML Help Topics</Filter>
    </None>
    <None Include="hlp\hid_view_status_bar.htm">
      <Filter>HTML Help Topics</Filter>
    </None>
    <None Include="hlp\hid_view_toolbar.htm">
      <Filter>HTML Help Topics</Filter>
    </None>
    <None Include="hlp\hid_window_all.htm">
      <Filter>HTML Help Topics</Filter>
    </None>
    <None Include="hlp\hid_window_arrange.htm">
      <Filter>HTML Help Topics</Filter>
    </None>
    <None Include="hlp\hid_window_cascade.htm">
      <Filter>HTML Help Topics</Filter>
    </None>
    <None Include="hlp\hid_window_new.htm">
      <Filter>HTML Help Topics</Filter>
    </None>
    <None Include="hlp\hid_window_split.htm">
      <Filter>HTML Help Topics</Filter>
    </None>
    <None Include="hlp\hid_window_tile.htm">
      <Filter>HTML Help Topics</Filter>
    </None>
    <None Include="hlp\hid_window_tile_horz.htm">
      <Filter>HTML Help Topics</Filter>
    </None>
    <None Include="hlp\hid_window_tile_vert.htm">
      <Filter>HTML Help Topics</Filter>
    </None>
    <None Include="hlp\main_index.htm">
      <Filter>HTML Help Topics</Filter>
    </None>
    <None Include="hlp\menu_edit.htm">
      <Filter>HTML Help Topics</Filter>
    </None>
    <None Include="hlp\menu_file.htm">
      <Filter>HTML Help Topics</Filter>
    </None>
    <None Include="hlp\menu_help.htm">
      <Filter>HTML Help Topics</Filter>
    </None>
    <None Include="hlp\menu_view.htm">
      <Filter>HTML Help Topics</Filter>
    </None>
    <None Include="hlp\menu_window.htm">
      <Filter>HTML Help Topics</Filter>
    </None>
    <None Include="hlp\scrollbars.htm">
      <Filter>HTML Help Topics</Filter>
    </None>
    <None Include="hlp\Images\Bullet.gif">
      <Filter>Resource Files</Filter>
    </None>
    <None Include="res\IntelliFile.png">
      <Filter>Resource Files</Filter>
    </None>
    <None Include="res\viewstack.ico">
      <Filter>Resource Files</Filter>
    </None>
    <None Include="res\viewstack.bmp">
      <Filter>Resource Files</Filter>
    </None>
    <None Include="LICENSE" />
    <None Include="ReleaseNotes.html" />
    <None Include="CODE_OF_CONDUCT.md" />
    <None Include="CONTRIBUTING.md" />
    <None Include="README.md" />
    <None Include="packages.config" />
    <None Include="HexCtrl\HexCtrl\res\IDJ_HEXCTRL_KEYBIND.json">
      <Filter>HexCtrl\res</Filter>
    </None>
    <None Include="SoftwareContentRegister.html" />
  </ItemGroup>
  <ItemGroup>
    <ClInclude Include="IntelliFile.h">
      <Filter>Header Files</Filter>
    </ClInclude>
    <ClInclude Include="stdafx.h">
      <Filter>Header Files</Filter>
    </ClInclude>
    <ClInclude Include="targetver.h">
      <Filter>Header Files</Filter>
    </ClInclude>
    <ClInclude Include="MainFrame.h">
      <Filter>Header Files</Filter>
    </ClInclude>
    <ClInclude Include="VersionInfo.h">
      <Filter>Header Files</Filter>
    </ClInclude>
    <ClInclude Include="FileView.h">
      <Filter>Header Files</Filter>
    </ClInclude>
    <ClInclude Include="MFCListView.h">
      <Filter>Header Files</Filter>
    </ClInclude>
    <ClInclude Include="FileList.h">
      <Filter>Header Files</Filter>
    </ClInclude>
    <ClInclude Include="SortListCtrl.h">
      <Filter>Header Files</Filter>
    </ClInclude>
    <ClInclude Include="sinstance.h">
      <Filter>Header Files</Filter>
    </ClInclude>
    <ClInclude Include="NewFolderDlg.h">
      <Filter>Header Files</Filter>
    </ClInclude>
    <ClInclude Include="ChangeDriveDlg.h">
      <Filter>Header Files</Filter>
    </ClInclude>
    <ClInclude Include="WndResizer.h">
      <Filter>Header Files</Filter>
    </ClInclude>
    <ClInclude Include="ViewTextFileDlg.h">
      <Filter>Header Files</Filter>
    </ClInclude>
    <ClInclude Include="ViewRichFileDlg.h">
      <Filter>Header Files</Filter>
    </ClInclude>
    <ClInclude Include="FolderDlg.h">
      <Filter>Header Files</Filter>
    </ClInclude>
    <ClInclude Include="base64.h">
      <Filter>Header Files</Filter>
    </ClInclude>
    <ClInclude Include="Base64Dlg.h">
      <Filter>Header Files</Filter>
    </ClInclude>
    <ClInclude Include="QuickAccessDlg.h">
      <Filter>Header Files</Filter>
    </ClInclude>
    <ClInclude Include="HLinkCtrl.h">
      <Filter>Header Files</Filter>
    </ClInclude>
    <ClInclude Include="ScintillaCtrl.h">
      <Filter>Header Files</Filter>
    </ClInclude>
    <ClInclude Include="FilteredFolderDlg.h">
      <Filter>Header Files</Filter>
    </ClInclude>
    <ClInclude Include="SelectFileDlg.h">
      <Filter>Header Files</Filter>
    </ClInclude>
    <ClInclude Include="SearchFileDlg.h">
      <Filter>Header Files</Filter>
    </ClInclude>
    <ClInclude Include="CheckForUpdatesDlg.h">
      <Filter>Header Files</Filter>
    </ClInclude>
    <ClInclude Include="EdgeWebBrowser.h">
      <Filter>Header Files</Filter>
    </ClInclude>
    <ClInclude Include="WebBrowserDlg.h">
      <Filter>Header Files</Filter>
    </ClInclude>
    <ClInclude Include="Messages.h">
      <Filter>Header Files</Filter>
    </ClInclude>
    <ClInclude Include="ViewBinaryFileDlg.h">
      <Filter>Header Files</Filter>
    </ClInclude>
    <ClInclude Include="ViewAudioFileDlg.h">
      <Filter>Header Files</Filter>
    </ClInclude>
    <ClInclude Include="ViewImageFileDlg.h">
      <Filter>Header Files</Filter>
    </ClInclude>
    <ClInclude Include="Icon.h">
      <Filter>Header Files</Filter>
    </ClInclude>
    <ClInclude Include="ImageCtrl.h">
      <Filter>Header Files</Filter>
    </ClInclude>
    <ClInclude Include="HexCtrl\HexCtrl\HexCtrl.h">
      <Filter>HexCtrl</Filter>
    </ClInclude>
    <ClInclude Include="HexCtrl\HexCtrl\res\HexCtrlRes.h">
      <Filter>HexCtrl\res</Filter>
    </ClInclude>
  </ItemGroup>
  <ItemGroup>
    <ClCompile Include="IntelliFile.cpp">
      <Filter>Source Files</Filter>
    </ClCompile>
    <ClCompile Include="stdafx.cpp">
      <Filter>Source Files</Filter>
    </ClCompile>
    <ClCompile Include="MainFrame.cpp">
      <Filter>Source Files</Filter>
    </ClCompile>
    <ClCompile Include="VersionInfo.cpp">
      <Filter>Source Files</Filter>
    </ClCompile>
    <ClCompile Include="FileView.cpp">
      <Filter>Source Files</Filter>
    </ClCompile>
    <ClCompile Include="MFCListView.cpp">
      <Filter>Source Files</Filter>
    </ClCompile>
    <ClCompile Include="FileList.cpp">
      <Filter>Source Files</Filter>
    </ClCompile>
    <ClCompile Include="SortListCtrl.cpp">
      <Filter>Source Files</Filter>
    </ClCompile>
    <ClCompile Include="sinstance.cpp">
      <Filter>Source Files</Filter>
    </ClCompile>
    <ClCompile Include="NewFolderDlg.cpp">
      <Filter>Source Files</Filter>
    </ClCompile>
    <ClCompile Include="ChangeDriveDlg.cpp">
      <Filter>Source Files</Filter>
    </ClCompile>
    <ClCompile Include="WndResizer.cpp">
      <Filter>Source Files</Filter>
    </ClCompile>
    <ClCompile Include="ViewTextFileDlg.cpp">
      <Filter>Source Files</Filter>
    </ClCompile>
    <ClCompile Include="ViewRichFileDlg.cpp">
      <Filter>Source Files</Filter>
    </ClCompile>
    <ClCompile Include="FolderDlg.cpp">
      <Filter>Source Files</Filter>
    </ClCompile>
    <ClCompile Include="base64.cpp">
      <Filter>Source Files</Filter>
    </ClCompile>
    <ClCompile Include="Base64Dlg.cpp">
      <Filter>Source Files</Filter>
    </ClCompile>
    <ClCompile Include="QuickAccessDlg.cpp">
      <Filter>Source Files</Filter>
    </ClCompile>
    <ClCompile Include="HLinkCtrl.cpp">
      <Filter>Source Files</Filter>
    </ClCompile>
    <ClCompile Include="ScintillaCtrl.cpp">
      <Filter>Source Files</Filter>
    </ClCompile>
    <ClCompile Include="FilteredFolderDlg.cpp">
      <Filter>Source Files</Filter>
    </ClCompile>
    <ClCompile Include="SelectFileDlg.cpp">
      <Filter>Source Files</Filter>
    </ClCompile>
    <ClCompile Include="SearchFileDlg.cpp">
      <Filter>Source Files</Filter>
    </ClCompile>
    <ClCompile Include="CheckForUpdatesDlg.cpp">
      <Filter>Source Files</Filter>
    </ClCompile>
    <ClCompile Include="EdgeWebBrowser.cpp">
      <Filter>Source Files</Filter>
    </ClCompile>
    <ClCompile Include="WebBrowserDlg.cpp">
      <Filter>Source Files</Filter>
    </ClCompile>
    <ClCompile Include="ViewBinaryFileDlg.cpp">
      <Filter>Source Files</Filter>
    </ClCompile>
    <ClCompile Include="ViewAudioFileDlg.cpp">
      <Filter>Source Files</Filter>
    </ClCompile>
    <ClCompile Include="ViewImageFileDlg.cpp">
      <Filter>Source Files</Filter>
    </ClCompile>
    <ClCompile Include="Icon.cpp">
      <Filter>Source Files</Filter>
    </ClCompile>
    <ClCompile Include="ImageCtrl.cpp">
      <Filter>Source Files</Filter>
    </ClCompile>
    <ClCompile Include="HexCtrl\HexCtrl\src\CHexSelection.ixx">
      <Filter>HexCtrl\src</Filter>
    </ClCompile>
    <ClCompile Include="HexCtrl\HexCtrl\src\CHexScroll.ixx">
      <Filter>HexCtrl\src</Filter>
    </ClCompile>
    <ClCompile Include="HexCtrl\HexCtrl\src\HexUtility.ixx">
      <Filter>HexCtrl\src</Filter>
    </ClCompile>
    <ClCompile Include="HexCtrl\HexCtrl\src\CHexCtrl.ixx">
      <Filter>HexCtrl\src</Filter>
    </ClCompile>
    <ClCompile Include="HexCtrl\HexCtrl\src\Dialogs\CHexDlgBkmMgr.ixx">
      <Filter>HexCtrl\src\Dialogs</Filter>
    </ClCompile>
    <ClCompile Include="HexCtrl\HexCtrl\src\Dialogs\CHexDlgProgress.ixx">
      <Filter>HexCtrl\src\Dialogs</Filter>
    </ClCompile>
    <ClCompile Include="HexCtrl\HexCtrl\src\Dialogs\CHexDlgDataInterp.ixx">
      <Filter>HexCtrl\src\Dialogs</Filter>
    </ClCompile>
    <ClCompile Include="HexCtrl\HexCtrl\src\Dialogs\CHexDlgCodepage.ixx">
      <Filter>HexCtrl\src\Dialogs</Filter>
    </ClCompile>
    <ClCompile Include="HexCtrl\HexCtrl\src\Dialogs\CHexDlgGoTo.ixx">
      <Filter>HexCtrl\src\Dialogs</Filter>
    </ClCompile>
    <ClCompile Include="HexCtrl\HexCtrl\src\Dialogs\CHexDlgModify.ixx">
      <Filter>HexCtrl\src\Dialogs</Filter>
    </ClCompile>
    <ClCompile Include="HexCtrl\HexCtrl\src\Dialogs\CHexDlgSearch.ixx">
      <Filter>HexCtrl\src\Dialogs</Filter>
    </ClCompile>
    <ClCompile Include="HexCtrl\HexCtrl\src\Dialogs\CHexDlgTemplMgr.ixx">
      <Filter>HexCtrl\src\Dialogs</Filter>
    </ClCompile>
    <ClCompile Include="HexCtrl\HexCtrl\dep\ListEx\ListEx.ixx">
      <Filter>HexCtrl\dep\ListEx</Filter>
    </ClCompile>
    <ClCompile Include="HexCtrl\HexCtrl\dep\StrToNum\StrToNum.ixx">
      <Filter>HexCtrl\dep\StrToNum</Filter>
    </ClCompile>
  </ItemGroup>
  <ItemGroup>
    <ResourceCompile Include="IntelliFile.rc">
      <Filter>Resource Files</Filter>
    </ResourceCompile>
    <ResourceCompile Include="HexCtrl\HexCtrl\res\HexCtrl.rc">
      <Filter>HexCtrl\res</Filter>
    </ResourceCompile>
  </ItemGroup>
  <ItemGroup>
    <CustomBuild Include="hlp\IntelliFile.hhp">
      <Filter>HTML Help Files</Filter>
    </CustomBuild>
    <CustomBuild Include="Resource.h">
      <Filter>Header Files</Filter>
    </CustomBuild>
  </ItemGroup>
  <ItemGroup>
    <Image Include="res\ribbon.png">
      <Filter>Resource Files</Filter>
    </Image>
    <Image Include="HexCtrl\HexCtrl\res\IDB_HEXCTRL_BKMS.bmp">
      <Filter>HexCtrl\res</Filter>
    </Image>
    <Image Include="HexCtrl\HexCtrl\res\IDB_HEXCTRL_CLPBRD_COPYHEX.bmp">
      <Filter>HexCtrl\res</Filter>
    </Image>
    <Image Include="HexCtrl\HexCtrl\res\IDB_HEXCTRL_CLPBRD_PASTEHEX.bmp">
      <Filter>HexCtrl\res</Filter>
    </Image>
    <Image Include="HexCtrl\HexCtrl\res\IDB_HEXCTRL_DATAINTERP.bmp">
      <Filter>HexCtrl\res</Filter>
    </Image>
    <Image Include="HexCtrl\HexCtrl\res\IDB_HEXCTRL_FONTCHOOSE.bmp">
      <Filter>HexCtrl\res</Filter>
    </Image>
    <Image Include="HexCtrl\HexCtrl\res\IDB_HEXCTRL_GROUP.bmp">
      <Filter>HexCtrl\res</Filter>
    </Image>
    <Image Include="HexCtrl\HexCtrl\res\IDB_HEXCTRL_LOGO.bmp">
      <Filter>HexCtrl\res</Filter>
    </Image>
    <Image Include="HexCtrl\HexCtrl\res\IDB_HEXCTRL_MODIFY.bmp">
      <Filter>HexCtrl\res</Filter>
    </Image>
    <Image Include="HexCtrl\HexCtrl\res\IDB_HEXCTRL_MODIFY_FILLZEROS.bmp">
      <Filter>HexCtrl\res</Filter>
    </Image>
    <Image Include="HexCtrl\HexCtrl\res\IDB_HEXCTRL_SEARCH.bmp">
      <Filter>HexCtrl\res</Filter>
    </Image>
  </ItemGroup>
  <ItemGroup>
    <Natvis Include="$(MSBuildThisFileDirectory)..\..\natvis\wil.natvis" />
    <Natvis Include="$(MSBuildThisFileDirectory)..\..\natvis\wil.natstepfilter" />
  </ItemGroup>
</Project>